
Microsoft Visual Studio Solution File, Format Version 12.00
# Visual Studio Version 17
VisualStudioVersion = 17.5.002.0
MinimumVisualStudioVersion = 10.0.40219.1
Project("{9A19103F-16F7-4668-BE54-9A1E7A4F7556}") = "Neoa", "Neoa\Neoa.csproj", "{E9034701-D75B-4AFB-90BB-7DC6A58856CB}"
EndProject
Global
	GlobalSection(SolutionConfigurationPlatforms) = preSolution
		Debug|Any CPU = Debug|Any CPU
		Release|Any CPU = Release|Any CPU
	EndGlobalSection
	GlobalSection(ProjectConfigurationPlatforms) = postSolution
		{E9034701-D75B-4AFB-90BB-7DC6A58856CB}.Debug|Any CPU.ActiveCfg = Debug|Any CPU
		{E9034701-D75B-4AFB-90BB-7DC6A58856CB}.Debug|Any CPU.Build.0 = Debug|Any CPU
		{E9034701-D75B-4AFB-90BB-7DC6A58856CB}.Release|Any CPU.ActiveCfg = Release|Any CPU
		{E9034701-D75B-4AFB-90BB-7DC6A58856CB}.Release|Any CPU.Build.0 = Release|Any CPU
	EndGlobalSection
	GlobalSection(SolutionProperties) = preSolution
		HideSolutionNode = FALSE
	EndGlobalSection
	GlobalSection(ExtensibilityGlobals) = postSolution
		SolutionGuid = {AEA4BD74-EF88-4F97-88D7-F6F968B115D6}
	EndGlobalSection
EndGlobal
